Microsoft Visual Studio Solution File, Format Version 12.00
# Visual Studio 15
VisualStudioVersion = 15.0.27130.2027
MinimumVisualStudioVersion = 15.0.26124.0
Project("{9A19103F-16F7-4668-BE54-9A1E7A4F7556}") = "BlazorApp.Server", "BlazorApp.Server\BlazorApp.Server.csproj", "{3BB9A1FD-0D2B-4443-989B-2518933A40E2}"
EndProject
Project("{9A19103F-16F7-4668-BE54-9A1E7A4F7556}") = "BlazorApp.Client", "BlazorApp.Client\BlazorApp.Client.csproj", "{C9AB87B2-A10B-450C-9834-406FB0C34644}"
EndProject
Project("{9A19103F-16F7-4668-BE54-9A1E7A4F7556}") = "BlazorApp.Shared", "BlazorApp.Shared\BlazorApp.Shared.csproj", "{F40BBD72-C095-4635-B8A3-9DB1103423AF}"
EndProject
Global
	GlobalSection(SolutionConfigurationPlatforms) = preSolution
		Debug|Any CPU = Debug|Any CPU
		Debug|x64 = Debug|x64
		Debug|x86 = Debug|x86
		Release|Any CPU = Release|Any CPU
		Release|x64 = Release|x64
		Release|x86 = Release|x86
	EndGlobalSection
	GlobalSection(ProjectConfigurationPlatforms) = postSolution
		{C9AB87B2-A10B-450C-9834-406FB0C34644}.Debug|Any CPU.ActiveCfg = Debug|Any CPU
		{C9AB87B2-A10B-450C-9834-406FB0C34644}.Debug|Any CPU.Build.0 = Debug|Any CPU
		{C9AB87B2-A10B-450C-9834-406FB0C34644}.Debug|x64.ActiveCfg = Debug|Any CPU
		{C9AB87B2-A10B-450C-9834-406FB0C34644}.Debug|x64.Build.0 = Debug|Any CPU
		{C9AB87B2-A10B-450C-9834-406FB0C34644}.Debug|x86.ActiveCfg = Debug|Any CPU
		{C9AB87B2-A10B-450C-9834-406FB0C34644}.Debug|x86.Build.0 = Debug|Any CPU
		{C9AB87B2-A10B-450C-9834-406FB0C34644}.Release|Any CPU.ActiveCfg = Release|Any CPU
		{C9AB87B2-A10B-450C-9834-406FB0C34644}.Release|Any CPU.Build.0 = Release|Any CPU
		{C9AB87B2-A10B-450C-9834-406FB0C34644}.Release|x64.ActiveCfg = Release|Any CPU
		{C9AB87B2-A10B-450C-9834-406FB0C34644}.Release|x64.Build.0 = Release|Any CPU
		{C9AB87B2-A10B-450C-9834-406FB0C34644}.Release|x86.ActiveCfg = Release|Any CPU
		{C9AB87B2-A10B-450C-9834-406FB0C34644}.Release|x86.Build.0 = Release|Any CPU
		{3BB9A1FD-0D2B-4443-989B-2518933A40E2}.Debug|Any CPU.ActiveCfg = Debug|Any CPU
		{3BB9A1FD-0D2B-4443-989B-2518933A40E2}.Debug|Any CPU.Build.0 = Debug|Any CPU
		{3BB9A1FD-0D2B-4443-989B-2518933A40E2}.Debug|x64.ActiveCfg = Debug|Any CPU
		{3BB9A1FD-0D2B-4443-989B-2518933A40E2}.Debug|x64.Build.0 = Debug|Any CPU
		{3BB9A1FD-0D2B-4443-989B-2518933A40E2}.Debug|x86.ActiveCfg = Debug|Any CPU
		{3BB9A1FD-0D2B-4443-989B-2518933A40E2}.Debug|x86.Build.0 = Debug|Any CPU
		{3BB9A1FD-0D2B-4443-989B-2518933A40E2}.Release|Any CPU.ActiveCfg = Release|Any CPU
		{3BB9A1FD-0D2B-4443-989B-2518933A40E2}.Release|Any CPU.Build.0 = Release|Any CPU
		{3BB9A1FD-0D2B-4443-989B-2518933A40E2}.Release|x64.ActiveCfg = Release|Any CPU
		{3BB9A1FD-0D2B-4443-989B-2518933A40E2}.Release|x64.Build.0 = Release|Any CPU
		{3BB9A1FD-0D2B-4443-989B-2518933A40E2}.Release|x86.ActiveCfg = Release|Any CPU
		{3BB9A1FD-0D2B-4443-989B-2518933A40E2}.Release|x86.Build.0 = Release|Any CPU
		{F40BBD72-C095-4635-B8A3-9DB1103423AF}.Debug|Any CPU.ActiveCfg = Debug|Any CPU
		{F40BBD72-C095-4635-B8A3-9DB1103423AF}.Debug|Any CPU.Build.0 = Debug|Any CPU
		{F40BBD72-C095-4635-B8A3-9DB1103423AF}.Debug|x64.ActiveCfg = Debug|Any CPU
		{F40BBD72-C095-4635-B8A3-9DB1103423AF}.Debug|x64.Build.0 = Debug|Any CPU
		{F40BBD72-C095-4635-B8A3-9DB1103423AF}.Debug|x86.ActiveCfg = Debug|Any CPU
		{F40BBD72-C095-4635-B8A3-9DB1103423AF}.Debug|x86.Build.0 = Debug|Any CPU
		{F40BBD72-C095-4635-B8A3-9DB1103423AF}.Release|Any CPU.ActiveCfg = Release|Any CPU
		{F40BBD72-C095-4635-B8A3-9DB1103423AF}.Release|Any CPU.Build.0 = Release|Any CPU
		{F40BBD72-C095-4635-B8A3-9DB1103423AF}.Release|x64.ActiveCfg = Release|Any CPU
		{F40BBD72-C095-4635-B8A3-9DB1103423AF}.Release|x64.Build.0 = Release|Any CPU
		{F40BBD72-C095-4635-B8A3-9DB1103423AF}.Release|x86.ActiveCfg = Release|Any CPU
		{F40BBD72-C095-4635-B8A3-9DB1103423AF}.Release|x86.Build.0 = Release|Any CPU
	EndGlobalSection
	GlobalSection(SolutionProperties) = preSolution
		HideSolutionNode = FALSE
	EndGlobalSection
	GlobalSection(ExtensibilityGlobals) = postSolution
		SolutionGuid = {126E683B-C76C-45F3-852E-C15758BB4B65}
	EndGlobalSection
EndGlobal
